
Microsoft Visual Studio Solution File, Format Version 12.00
# Visual Studio Version 17
VisualStudioVersion = 17.14.36616.10 d17.14
MinimumVisualStudioVersion = 10.0.40219.1
Project("{FAE04EC0-301F-11D3-BF4B-00C04F79EFBC}") = "PetLink", "PetLink\PetLink.csproj", "{C06009BC-4576-4EE5-918C-E1226AB70FAD}"
EndProject
Global
	GlobalSection(SolutionConfigurationPlatforms) = preSolution
		Debug|Any CPU = Debug|Any CPU
		Release|Any CPU = Release|Any CPU
	EndGlobalSection
	GlobalSection(ProjectConfigurationPlatforms) = postSolution
		{C06009BC-4576-4EE5-918C-E1226AB70FAD}.Debug|Any CPU.ActiveCfg = Debug|Any CPU
		{C06009BC-4576-4EE5-918C-E1226AB70FAD}.Debug|Any CPU.Build.0 = Debug|Any CPU
		{C06009BC-4576-4EE5-918C-E1226AB70FAD}.Release|Any CPU.ActiveCfg = Release|Any CPU
		{C06009BC-4576-4EE5-918C-E1226AB70FAD}.Release|Any CPU.Build.0 = Release|Any CPU
	EndGlobalSection
	GlobalSection(SolutionProperties) = preSolution
		HideSolutionNode = FALSE
	EndGlobalSection
	GlobalSection(ExtensibilityGlobals) = postSolution
		SolutionGuid = {7A04EF2B-10B9-4F7D-9945-B27370F04CE9}
	EndGlobalSection
EndGlobal
